
Microsoft Visual Studio Solution File, Format Version 12.00
# Visual Studio 15
VisualStudioVersion = 15.0.27428.2015
MinimumVisualStudioVersion = 10.0.40219.1
Project("{9A19103F-16F7-4668-BE54-9A1E7A4F7556}") = "Nova2018CodeCamp.Data", "Nova2018CodeCamp.Data\Nova2018CodeCamp.Data.csproj", "{CAD2CBA3-2AB6-42C0-BC51-2BBD6CFC9FA9}"
EndProject
Project("{9A19103F-16F7-4668-BE54-9A1E7A4F7556}") = "Nova2018CodeCamp.Test", "Nova2018CodeCamp.Test\Nova2018CodeCamp.Test.csproj", "{9E157A1F-A587-4A8D-A1AF-ED15D8DDA655}"
EndProject
Project("{9A19103F-16F7-4668-BE54-9A1E7A4F7556}") = "Nova2018CodeCamp.Model", "Nova2018CodeCamp.Model\Nova2018CodeCamp.Model.csproj", "{48DD4A8B-1799-42CF-B255-0BA13DE19795}"
EndProject
Project("{FAE04EC0-301F-11D3-BF4B-00C04F79EFBC}") = "Nova2018CodeCamp.Function", "Nova2018CodeCamp.Function\Nova2018CodeCamp.Function.csproj", "{5CBBC8B1-B760-4B32-88CE-6F2DB1B714B3}"
EndProject
Global
	GlobalSection(SolutionConfigurationPlatforms) = preSolution
		Debug|Any CPU = Debug|Any CPU
		Release|Any CPU = Release|Any CPU
	EndGlobalSection
	GlobalSection(ProjectConfigurationPlatforms) = postSolution
		{CAD2CBA3-2AB6-42C0-BC51-2BBD6CFC9FA9}.Debug|Any CPU.ActiveCfg = Debug|Any CPU
		{CAD2CBA3-2AB6-42C0-BC51-2BBD6CFC9FA9}.Debug|Any CPU.Build.0 = Debug|Any CPU
		{CAD2CBA3-2AB6-42C0-BC51-2BBD6CFC9FA9}.Release|Any CPU.ActiveCfg = Release|Any CPU
		{CAD2CBA3-2AB6-42C0-BC51-2BBD6CFC9FA9}.Release|Any CPU.Build.0 = Release|Any CPU
		{9E157A1F-A587-4A8D-A1AF-ED15D8DDA655}.Debug|Any CPU.ActiveCfg = Debug|Any CPU
		{9E157A1F-A587-4A8D-A1AF-ED15D8DDA655}.Debug|Any CPU.Build.0 = Debug|Any CPU
		{9E157A1F-A587-4A8D-A1AF-ED15D8DDA655}.Release|Any CPU.ActiveCfg = Release|Any CPU
		{9E157A1F-A587-4A8D-A1AF-ED15D8DDA655}.Release|Any CPU.Build.0 = Release|Any CPU
		{48DD4A8B-1799-42CF-B255-0BA13DE19795}.Debug|Any CPU.ActiveCfg = Debug|Any CPU
		{48DD4A8B-1799-42CF-B255-0BA13DE19795}.Debug|Any CPU.Build.0 = Debug|Any CPU
		{48DD4A8B-1799-42CF-B255-0BA13DE19795}.Release|Any CPU.ActiveCfg = Release|Any CPU
		{48DD4A8B-1799-42CF-B255-0BA13DE19795}.Release|Any CPU.Build.0 = Release|Any CPU
		{5CBBC8B1-B760-4B32-88CE-6F2DB1B714B3}.Debug|Any CPU.ActiveCfg = Debug|Any CPU
		{5CBBC8B1-B760-4B32-88CE-6F2DB1B714B3}.Debug|Any CPU.Build.0 = Debug|Any CPU
		{5CBBC8B1-B760-4B32-88CE-6F2DB1B714B3}.Release|Any CPU.ActiveCfg = Release|Any CPU
		{5CBBC8B1-B760-4B32-88CE-6F2DB1B714B3}.Release|Any CPU.Build.0 = Release|Any CPU
	EndGlobalSection
	GlobalSection(SolutionProperties) = preSolution
		HideSolutionNode = FALSE
	EndGlobalSection
	GlobalSection(ExtensibilityGlobals) = postSolution
		SolutionGuid = {8B516732-E810-421C-AD64-A8DDAD4A76D6}
	EndGlobalSection
EndGlobal
